{
  "name": "qq-cli-local",
  "version": "0.3.0",
  "lockfileVersion": 3,
  "requires": true,
  "packages": {
    "": {
      "name": "qq-cli-local",
      "version": "0.3.0",
      "license": "UNLICENSED",
      "bin": {
        "qq-cli": "bin/qq-cli.js"
      },
      "engines": {
        "node": ">=22.5.0"
      }
    }
  }
}
